// !$*UTF8*$!
{
	archiveVersion = 1;
	classes = {
	};
	objectVersion = 46;
	objects = {

/* Begin PBXBuildFile section */
		EA9EB4D8191989370008095B /* Foundation.framework in Frameworks */ = {isa = PBXBuildFile; fileRef = EA9EB4D7191989370008095B /* Foundation.framework */; };
		EA9EB4DA191989370008095B /* CoreGraphics.framework in Frameworks */ = {isa = PBXBuildFile; fileRef = EA9EB4D9191989370008095B /* CoreGraphics.framework */; };
		EA9EB4DC191989370008095B /* UIKit.framework in Frameworks */ = {isa = PBXBuildFile; fileRef = EA9EB4DB191989370008095B /* UIKit.framework */; };
		EA9EB4E2191989370008095B /* InfoPlist.strings in Resources */ = {isa = PBXBuildFile; fileRef = EA9EB4E0191989370008095B /* InfoPlist.strings */; };
		EA9EB4E4191989370008095B /* main.m in Sources */ = {isa = PBXBuildFile; fileRef = EA9EB4E3191989370008095B /* main.m */; };
		EA9EB4E8191989370008095B /* JPFAppDelegate.m in Sources */ = {isa = PBXBuildFile; fileRef = EA9EB4E7191989370008095B /* JPFAppDelegate.m */; };
		EA9EB4EB191989370008095B /* Main.storyboard in Resources */ = {isa = PBXBuildFile; fileRef = EA9EB4E9191989370008095B /* Main.storyboard */; };
		EA9EB4F0191989370008095B /* Images.xcassets in Resources */ = {isa = PBXBuildFile; fileRef = EA9EB4EF191989370008095B /* Images.xcassets */; };
		EA9EB4F7191989370008095B /* XCTest.framework in Frameworks */ = {isa = PBXBuildFile; fileRef = EA9EB4F6191989370008095B /* XCTest.framework */; };
		EA9EB4F8191989370008095B /* Foundation.framework in Frameworks */ = {isa = PBXBuildFile; fileRef = EA9EB4D7191989370008095B /* Foundation.framework */; };
		EA9EB4F9191989370008095B /* UIKit.framework in Frameworks */ = {isa = PBXBuildFile; fileRef = EA9EB4DB191989370008095B /* UIKit.framework */; };
		EA9EB501191989370008095B /* InfoPlist.strings in Resources */ = {isa = PBXBuildFile; fileRef = EA9EB4FF191989370008095B /* InfoPlist.strings */; };
		EA9EB503191989370008095B /* TroFlowHomeTests.m in Sources */ = {isa = PBXBuildFile; fileRef = EA9EB502191989370008095B /* TroFlowHomeTests.m */; };
		EA9EB511191989AF0008095B /* JPFEventsViewController.m in Sources */ = {isa = PBXBuildFile; fileRef = EA9EB510191989AF0008095B /* JPFEventsViewController.m */; };
		EA9EB51519198CCE0008095B /* troFlowBackground-jpg.png in Resources */ = {isa = PBXBuildFile; fileRef = EA9EB51419198CCE0008095B /* troFlowBackground-jpg.png */; };
/* End PBXBuildFile section */

/* Begin PBXContainerItemProxy section */
		EA9EB4FA191989370008095B /* PBXContainerItemProxy */ = {
			isa = PBXContainerItemProxy;
			containerPortal = EA9EB4CC191989370008095B /* Project object */;
			proxyType = 1;
			remoteGlobalIDString = EA9EB4D3191989370008095B;
			remoteInfo = TroFlowHome;
		};
/* End PBXContainerItemProxy section */

/* Begin PBXFileReference section */
		EA9EB4D4191989370008095B /* TroFlowHome.app */ = {isa = PBXFileReference; explicitFileType = wrapper.application; includeInIndex = 0; path = TroFlowHome.app; sourceTree = BUILT_PRODUCTS_DIR; };
		EA9EB4D7191989370008095B /* Foundation.framework */ = {isa = PBXFileReference; lastKnownFileType = wrapper.framework; name = Foundation.framework; path = System/Library/Frameworks/Foundation.framework; sourceTree = SDKROOT; };
		EA9EB4D9191989370008095B /* CoreGraphics.framework */ = {isa = PBXFileReference; lastKnownFileType = wrapper.framework; name = CoreGraphics.framework; path = System/Library/Frameworks/CoreGraphics.framework; sourceTree = SDKROOT; };
		EA9EB4DB191989370008095B /* UIKit.framework */ = {isa = PBXFileReference; lastKnownFileType = wrapper.framework; name = UIKit.framework; path = System/Library/Frameworks/UIKit.framework; sourceTree = SDKROOT; };
		EA9EB4DF191989370008095B /* TroFlowHome-Info.plist */ = {isa = PBXFileReference; lastKnownFileType = text.plist.xml; path = "TroFlowHome-Info.plist"; sourceTree = "<group>"; };
		EA9EB4E1191989370008095B /* en */ = {isa = PBXFileReference; lastKnownFileType = text.plist.strings; name = en; path = en.lproj/InfoPlist.strings; sourceTree = "<group>"; };
		EA9EB4E3191989370008095B /* main.m */ = {isa = PBXFileReference; lastKnownFileType = sourcecode.c.objc; path = main.m; sourceTree = "<group>"; };
		EA9EB4E5191989370008095B /* TroFlowHome-Prefix.pch */ = {isa = PBXFileReference; lastKnownFileType = sourcecode.c.h; path = "TroFlowHome-Prefix.pch"; sourceTree = "<group>"; };
		EA9EB4E6191989370008095B /* JPFAppDelegate.h */ = {isa = PBXFileReference; lastKnownFileType = sourcecode.c.h; path = JPFAppDelegate.h; sourceTree = "<group>"; };
		EA9EB4E7191989370008095B /* JPFAppDelegate.m */ = {isa = PBXFileReference; lastKnownFileType = sourcecode.c.objc; path = JPFAppDelegate.m; sourceTree = "<group>"; };
		EA9EB4EA191989370008095B /* Base */ = {isa = PBXFileReference; lastKnownFileType = file.storyboard; name = Base; path = Base.lproj/Main.storyboard; sourceTree = "<group>"; };
		EA9EB4EF191989370008095B /* Images.xcassets */ = {isa = PBXFileReference; lastKnownFileType = folder.assetcatalog; path = Images.xcassets; sourceTree = "<group>"; };
		EA9EB4F5191989370008095B /* TroFlowHomeTests.xctest */ = {isa = PBXFileReference; explicitFileType = wrapper.cfbundle; includeInIndex = 0; path = TroFlowHomeTests.xctest; sourceTree = BUILT_PRODUCTS_DIR; };
		EA9EB4F6191989370008095B /* XCTest.framework */ = {isa = PBXFileReference; lastKnownFileType = wrapper.framework; name = XCTest.framework; path = Library/Frameworks/XCTest.framework; sourceTree = DEVELOPER_DIR; };
		EA9EB4FE191989370008095B /* TroFlowHomeTests-Info.plist */ = {isa = PBXFileReference; lastKnownFileType = text.plist.xml; path = "TroFlowHomeTests-Info.plist"; sourceTree = "<group>"; };
		EA9EB500191989370008095B /* en */ = {isa = PBXFileReference; lastKnownFileType = text.plist.strings; name = en; path = en.lproj/InfoPlist.strings; sourceTree = "<group>"; };
		EA9EB502191989370008095B /* TroFlowHomeTests.m */ = {isa = PBXFileReference; lastKnownFileType = sourcecode.c.objc; path = TroFlowHomeTests.m; sourceTree = "<group>"; };
		EA9EB50F191989AF0008095B /* JPFEventsViewController.h */ = {isa = PBXFileReference; fileEncoding = 4; lastKnownFileType = sourcecode.c.h; name = JPFEventsViewController.h; path = TroFlowHome/JPFEventsViewController.h; sourceTree = "<group>"; };
		EA9EB510191989AF0008095B /* JPFEventsViewController.m */ = {isa = PBXFileReference; fileEncoding = 4; lastKnownFileType = sourcecode.c.objc; name = JPFEventsViewController.m; path = TroFlowHome/JPFEventsViewController.m; sourceTree = "<group>"; };
		EA9EB51419198CCE0008095B /* troFlowBackground-jpg.png */ = {isa = PBXFileReference; lastKnownFileType = image.png; name = "troFlowBackground-jpg.png"; path = "../../../Documents/troFlowBackground-jpg.png"; sourceTree = "<group>"; };
/* End PBXFileReference section */

/* Begin PBXFrameworksBuildPhase section */
		EA9EB4D1191989370008095B /* Frameworks */ = {
			isa = PBXFrameworksBuildPhase;
			buildActionMask = 2147483647;
			files = (
				EA9EB4DA191989370008095B /* CoreGraphics.framework in Frameworks */,
				EA9EB4DC191989370008095B /* UIKit.framework in Frameworks */,
				EA9EB4D8191989370008095B /* Foundation.framework in Frameworks */,
			);
			runOnlyForDeploymentPostprocessing = 0;
		};
		EA9EB4F2191989370008095B /* Frameworks */ = {
			isa = PBXFrameworksBuildPhase;
			buildActionMask = 2147483647;
			files = (
				EA9EB4F7191989370008095B /* XCTest.framework in Frameworks */,
				EA9EB4F9191989370008095B /* UIKit.framework in Frameworks */,
				EA9EB4F8191989370008095B /* Foundation.framework in Frameworks */,
			);
			runOnlyForDeploymentPostprocessing = 0;
		};
/* End PBXFrameworksBuildPhase section */

/* Begin PBXGroup section */
		EA9EB4CB191989370008095B = {
			isa = PBXGroup;
			children = (
				EA9EB51419198CCE0008095B /* troFlowBackground-jpg.png */,
				EA9EB50F191989AF0008095B /* JPFEventsViewController.h */,
				EA9EB510191989AF0008095B /* JPFEventsViewController.m */,
				EA9EB4DD191989370008095B /* TroFlowHome */,
				EA9EB4FC191989370008095B /* TroFlowHomeTests */,
				EA9EB4D6191989370008095B /* Frameworks */,
				EA9EB4D5191989370008095B /* Products */,
			);
			sourceTree = "<group>";
		};
		EA9EB4D5191989370008095B /* Products */ = {
			isa = PBXGroup;
			children = (
				EA9EB4D4191989370008095B /* TroFlowHome.app */,
				EA9EB4F5191989370008095B /* TroFlowHomeTests.xctest */,
			);
			name = Products;
			sourceTree = "<group>";
		};
		EA9EB4D6191989370008095B /* Frameworks */ = {
			isa = PBXGroup;
			children = (
				EA9EB4D7191989370008095B /* Foundation.framework */,
				EA9EB4D9191989370008095B /* CoreGraphics.framework */,
				EA9EB4DB191989370008095B /* UIKit.framework */,
				EA9EB4F6191989370008095B /* XCTest.framework */,
			);
			name = Frameworks;
			sourceTree = "<group>";
		};
		EA9EB4DD191989370008095B /* TroFlowHome */ = {
			isa = PBXGroup;
			children = (
				EA9EB4E6191989370008095B /* JPFAppDelegate.h */,
				EA9EB4E7191989370008095B /* JPFAppDelegate.m */,
				EA9EB4E9191989370008095B /* Main.storyboard */,
				EA9EB4EF191989370008095B /* Images.xcassets */,
				EA9EB4DE191989370008095B /* Supporting Files */,
			);
			path = TroFlowHome;
			sourceTree = "<group>";
		};
		EA9EB4DE191989370008095B /* Supporting Files */ = {
			isa = PBXGroup;
			children = (
				EA9EB4DF191989370008095B /* TroFlowHome-Info.plist */,
				EA9EB4E0191989370008095B /* InfoPlist.strings */,
				EA9EB4E3191989370008095B /* main.m */,
				EA9EB4E5191989370008095B /* TroFlowHome-Prefix.pch */,
			);
			name = "Supporting Files";
			sourceTree = "<group>";
		};
		EA9EB4FC191989370008095B /* TroFlowHomeTests */ = {
			isa = PBXGroup;
			children = (
				EA9EB502191989370008095B /* TroFlowHomeTests.m */,
				EA9EB4FD191989370008095B /* Supporting Files */,
			);
			path = TroFlowHomeTests;
			sourceTree = "<group>";
		};
		EA9EB4FD191989370008095B /* Supporting Files */ = {
			isa = PBXGroup;
			children = (
				EA9EB4FE191989370008095B /* TroFlowHomeTests-Info.plist */,
				EA9EB4FF191989370008095B /* InfoPlist.strings */,
			);
			name = "Supporting Files";
			sourceTree = "<group>";
		};
/* End PBXGroup section */

/* Begin PBXNativeTarget section */
		EA9EB4D3191989370008095B /* TroFlowHome */ = {
			isa = PBXNativeTarget;
			buildConfigurationList = EA9EB506191989370008095B /* Build configuration list for PBXNativeTarget "TroFlowHome" */;
			buildPhases = (
				EA9EB4D0191989370008095B /* Sources */,
				EA9EB4D1191989370008095B /* Frameworks */,
				EA9EB4D2191989370008095B /* Resources */,
			);
			buildRules = (
			);
			dependencies = (
			);
			name = TroFlowHome;
			productName = TroFlowHome;
			productReference = EA9EB4D4191989370008095B /* TroFlowHome.app */;
			productType = "com.apple.product-type.application";
		};
		EA9EB4F4191989370008095B /* TroFlowHomeTests */ = {
			isa = PBXNativeTarget;
			buildConfigurationList = EA9EB509191989370008095B /* Build configuration list for PBXNativeTarget "TroFlowHomeTests" */;
			buildPhases = (
				EA9EB4F1191989370008095B /* Sources */,
				EA9EB4F2191989370008095B /* Frameworks */,
				EA9EB4F3191989370008095B /* Resources */,
			);
			buildRules = (
			);
			dependencies = (
				EA9EB4FB191989370008095B /* PBXTargetDependency */,
			);
			name = TroFlowHomeTests;
			productName = TroFlowHomeTests;
			productReference = EA9EB4F5191989370008095B /* TroFlowHomeTests.xctest */;
			productType = "com.apple.product-type.bundle.unit-test";
		};
/* End PBXNativeTarget section */

/* Begin PBXProject section */
		EA9EB4CC191989370008095B /* Project object */ = {
			isa = PBXProject;
			attributes = {
				CLASSPREFIX = JPF;
				LastUpgradeCheck = 0510;
				ORGANIZATIONNAME = USC;
				TargetAttributes = {
					EA9EB4F4191989370008095B = {
						TestTargetID = EA9EB4D3191989370008095B;
					};
				};
			};
			buildConfigurationList = EA9EB4CF191989370008095B /* Build configuration list for PBXProject "TroFlowHome" */;
			compatibilityVersion = "Xcode 3.2";
			developmentRegion = English;
			hasScannedForEncodings = 0;
			knownRegions = (
				en,
				Base,
			);
			mainGroup = EA9EB4CB191989370008095B;
			productRefGroup = EA9EB4D5191989370008095B /* Products */;
			projectDirPath = "";
			projectRoot = "";
			targets = (
				EA9EB4D3191989370008095B /* TroFlowHome */,
				EA9EB4F4191989370008095B /* TroFlowHomeTests */,
			);
		};
/* End PBXProject section */

/* Begin PBXResourcesBuildPhase section */
		EA9EB4D2191989370008095B /* Resources */ = {
			isa = PBXResourcesBuildPhase;
			buildActionMask = 2147483647;
			files = (
				EA9EB4F0191989370008095B /* Images.xcassets in Resources */,
				EA9EB4E2191989370008095B /* InfoPlist.strings in Resources */,
				EA9EB4EB191989370008095B /* Main.storyboard in Resources */,
				EA9EB51519198CCE0008095B /* troFlowBackground-jpg.png in Resources */,
			);
			runOnlyForDeploymentPostprocessing = 0;
		};
		EA9EB4F3191989370008095B /* Resources */ = {
			isa = PBXResourcesBuildPhase;
			buildActionMask = 2147483647;
			files = (
				EA9EB501191989370008095B /* InfoPlist.strings in Resources */,
			);
			runOnlyForDeploymentPostprocessing = 0;
		};
/* End PBXResourcesBuildPhase section */

/* Begin PBXSourcesBuildPhase section */
		EA9EB4D0191989370008095B /* Sources */ = {
			isa = PBXSourcesBuildPhase;
			buildActionMask = 2147483647;
			files = (
				EA9EB4E4191989370008095B /* main.m in Sources */,
				EA9EB4E8191989370008095B /* JPFAppDelegate.m in Sources */,
				EA9EB511191989AF0008095B /* JPFEventsViewController.m in Sources */,
			);
			runOnlyForDeploymentPostprocessing = 0;
		};
		EA9EB4F1191989370008095B /* Sources */ = {
			isa = PBXSourcesBuildPhase;
			buildActionMask = 2147483647;
			files = (
				EA9EB503191989370008095B /* TroFlowHomeTests.m in Sources */,
			);
			runOnlyForDeploymentPostprocessing = 0;
		};
/* End PBXSourcesBuildPhase section */

/* Begin PBXTargetDependency section */
		EA9EB4FB191989370008095B /* PBXTargetDependency */ = {
			isa = PBXTargetDependency;
			target = EA9EB4D3191989370008095B /* TroFlowHome */;
			targetProxy = EA9EB4FA191989370008095B /* PBXContainerItemProxy */;
		};
/* End PBXTargetDependency section */

/* Begin PBXVariantGroup section */
		EA9EB4E0191989370008095B /* InfoPlist.strings */ = {
			isa = PBXVariantGroup;
			children = (
				EA9EB4E1191989370008095B /* en */,
			);
			name = InfoPlist.strings;
			sourceTree = "<group>";
		};
		EA9EB4E9191989370008095B /* Main.storyboard */ = {
			isa = PBXVariantGroup;
			children = (
				EA9EB4EA191989370008095B /* Base */,
			);
			name = Main.storyboard;
			sourceTree = "<group>";
		};
		EA9EB4FF191989370008095B /* InfoPlist.strings */ = {
			isa = PBXVariantGroup;
			children = (
				EA9EB500191989370008095B /* en */,
			);
			name = InfoPlist.strings;
			sourceTree = "<group>";
		};
/* End PBXVariantGroup section */

/* Begin XCBuildConfiguration section */
		EA9EB504191989370008095B /* Debug */ = {
			isa = XCBuildConfiguration;
			buildSettings = {
				ALWAYS_SEARCH_USER_PATHS = NO;
				CLANG_CXX_LANGUAGE_STANDARD = "gnu++0x";
				CLANG_CXX_LIBRARY = "libc++";
				CLANG_ENABLE_MODULES = YES;
				CLANG_ENABLE_OBJC_ARC = YES;
				CLANG_WARN_BOOL_CONVERSION = YES;
				CLANG_WARN_CONSTANT_CONVERSION = YES;
				CLANG_WARN_DIRECT_OBJC_ISA_USAGE = YES_ERROR;
				CLANG_WARN_EMPTY_BODY = YES;
				CLANG_WARN_ENUM_CONVERSION = YES;
				CLANG_WARN_INT_CONVERSION = YES;
				CLANG_WARN_OBJC_ROOT_CLASS = YES_ERROR;
				CLANG_WARN__DUPLICATE_METHOD_MATCH = YES;
				"CODE_SIGN_IDENTITY[sdk=iphoneos*]" = "iPhone Developer";
				COPY_PHASE_STRIP = NO;
				GCC_C_LANGUAGE_STANDARD = gnu99;
				GCC_DYNAMIC_NO_PIC = NO;
				GCC_OPTIMIZATION_LEVEL = 0;
				GCC_PREPROCESSOR_DEFINITIONS = (
					"DEBUG=1",
					"$(inherited)",
				);
				GCC_SYMBOLS_PRIVATE_EXTERN = NO;
				GCC_WARN_64_TO_32_BIT_CONVERSION = YES;
				GCC_WARN_ABOUT_RETURN_TYPE = YES_ERROR;
				GCC_WARN_UNDECLARED_SELECTOR = YES;
				GCC_WARN_UNINITIALIZED_AUTOS = YES_AGGRESSIVE;
				GCC_WARN_UNUSED_FUNCTION = YES;
				GCC_WARN_UNUSED_VARIABLE = YES;
				IPHONEOS_DEPLOYMENT_TARGET = 7.1;
				ONLY_ACTIVE_ARCH = YES;
				SDKROOT = iphoneos;
			};
			name = Debug;
		};
		EA9EB505191989370008095B /* Release */ = {
			isa = XCBuildConfiguration;
			buildSettings = {
				ALWAYS_SEARCH_USER_PATHS = NO;
				CLANG_CXX_LANGUAGE_STANDARD = "gnu++0x";
				CLANG_CXX_LIBRARY = "libc++";
				CLANG_ENABLE_MODULES = YES;
				CLANG_ENABLE_OBJC_ARC = YES;
				CLANG_WARN_BOOL_CONVERSION = YES;
				CLANG_WARN_CONSTANT_CONVERSION = YES;
				CLANG_WARN_DIRECT_OBJC_ISA_USAGE = YES_ERROR;
				CLANG_WARN_EMPTY_BODY = YES;
				CLANG_WARN_ENUM_CONVERSION = YES;
				CLANG_WARN_INT_CONVERSION = YES;
				CLANG_WARN_OBJC_ROOT_CLASS = YES_ERROR;
				CLANG_WARN__DUPLICATE_METHOD_MATCH = YES;
				"CODE_SIGN_IDENTITY[sdk=iphoneos*]" = "iPhone Developer";
				COPY_PHASE_STRIP = YES;
				ENABLE_NS_ASSERTIONS = NO;
				GCC_C_LANGUAGE_STANDARD = gnu99;
				GCC_WARN_64_TO_32_BIT_CONVERSION = YES;
				GCC_WARN_ABOUT_RETURN_TYPE = YES_ERROR;
				GCC_WARN_UNDECLARED_SELECTOR = YES;
				GCC_WARN_UNINITIALIZED_AUTOS = YES_AGGRESSIVE;
				GCC_WARN_UNUSED_FUNCTION = YES;
				GCC_WARN_UNUSED_VARIABLE = YES;
				IPHONEOS_DEPLOYMENT_TARGET = 7.1;
				SDKROOT = iphoneos;
				VALIDATE_PRODUCT = YES;
			};
			name = Release;
		};
		EA9EB507191989370008095B /* Debug */ = {
			isa = XCBuildConfiguration;
			buildSettings = {
				ASSETCATALOG_COMPILER_APPICON_NAME = AppIcon;
				ASSETCATALOG_COMPILER_LAUNCHIMAGE_NAME = LaunchImage;
				GCC_PRECOMPILE_PREFIX_HEADER = YES;
				GCC_PREFIX_HEADER = "TroFlowHome/TroFlowHome-Prefix.pch";
				INFOPLIST_FILE = "TroFlowHome/TroFlowHome-Info.plist";
				PRODUCT_NAME = "$(TARGET_NAME)";
				WRAPPER_EXTENSION = app;
			};
			name = Debug;
		};
		EA9EB508191989370008095B /* Release */ = {
			isa = XCBuildConfiguration;
			buildSettings = {
				ASSETCATALOG_COMPILER_APPICON_NAME = AppIcon;
				ASSETCATALOG_COMPILER_LAUNCHIMAGE_NAME = LaunchImage;
				GCC_PRECOMPILE_PREFIX_HEADER = YES;
				GCC_PREFIX_HEADER = "TroFlowHome/TroFlowHome-Prefix.pch";
				INFOPLIST_FILE = "TroFlowHome/TroFlowHome-Info.plist";
				PRODUCT_NAME = "$(TARGET_NAME)";
				WRAPPER_EXTENSION = app;
			};
			name = Release;
		};
		EA9EB50A191989370008095B /* Debug */ = {
			isa = XCBuildConfiguration;
			buildSettings = {
				BUNDLE_LOADER = "$(BUILT_PRODUCTS_DIR)/TroFlowHome.app/TroFlowHome";
				FRAMEWORK_SEARCH_PATHS = (
					"$(SDKROOT)/Developer/Library/Frameworks",
					"$(inherited)",
					"$(DEVELOPER_FRAMEWORKS_DIR)",
				);
				GCC_PRECOMPILE_PREFIX_HEADER = YES;
				GCC_PREFIX_HEADER = "TroFlowHome/TroFlowHome-Prefix.pch";
				GCC_PREPROCESSOR_DEFINITIONS = (
					"DEBUG=1",
					"$(inherited)",
				);
				INFOPLIST_FILE = "TroFlowHomeTests/TroFlowHomeTests-Info.plist";
				PRODUCT_NAME = "$(TARGET_NAME)";
				TEST_HOST = "$(BUNDLE_LOADER)";
				WRAPPER_EXTENSION = xctest;
			};
			name = Debug;
		};
		EA9EB50B191989370008095B /* Release */ = {
			isa = XCBuildConfiguration;
			buildSettings = {
				BUNDLE_LOADER = "$(BUILT_PRODUCTS_DIR)/TroFlowHome.app/TroFlowHome";
				FRAMEWORK_SEARCH_PATHS = (
					"$(SDKROOT)/Developer/Library/Frameworks",
					"$(inherited)",
					"$(DEVELOPER_FRAMEWORKS_DIR)",
				);
				GCC_PRECOMPILE_PREFIX_HEADER = YES;
				GCC_PREFIX_HEADER = "TroFlowHome/TroFlowHome-Prefix.pch";
				INFOPLIST_FILE = "TroFlowHomeTests/TroFlowHomeTests-Info.plist";
				PRODUCT_NAME = "$(TARGET_NAME)";
				TEST_HOST = "$(BUNDLE_LOADER)";
				WRAPPER_EXTENSION = xctest;
			};
			name = Release;
		};
/* End XCBuildConfiguration section */

/* Begin XCConfigurationList section */
		EA9EB4CF191989370008095B /* Build configuration list for PBXProject "TroFlowHome" */ = {
			isa = XCConfigurationList;
			buildConfigurations = (
				EA9EB504191989370008095B /* Debug */,
				EA9EB505191989370008095B /* Release */,
			);
			defaultConfigurationIsVisible = 0;
			defaultConfigurationName = Release;
		};
		EA9EB506191989370008095B /* Build configuration list for PBXNativeTarget "TroFlowHome" */ = {
			isa = XCConfigurationList;
			buildConfigurations = (
				EA9EB507191989370008095B /* Debug */,
				EA9EB508191989370008095B /* Release */,
			);
			defaultConfigurationIsVisible = 0;
		};
		EA9EB509191989370008095B /* Build configuration list for PBXNativeTarget "TroFlowHomeTests" */ = {
			isa = XCConfigurationList;
			buildConfigurations = (
				EA9EB50A191989370008095B /* Debug */,
				EA9EB50B191989370008095B /* Release */,
			);
			defaultConfigurationIsVisible = 0;
		};
/* End XCConfigurationList section */
	};
	rootObject = EA9EB4CC191989370008095B /* Project object */;
}
